
Microsoft Visual Studio Solution File, Format Version 12.00
# Visual Studio 15
VisualStudioVersion = 15.0.26430.13
MinimumVisualStudioVersion = 10.0.40219.1
Project("{FAE04EC0-301F-11D3-BF4B-00C04F79EFBC}") = "KisiEnvanteri", "KisiEnvanteri\KisiEnvanteri.csproj", "{C4DDEBAC-6359-4087-8169-0BA51E7A34BA}"
EndProject
Project("{2150E333-8FDC-42A3-9474-1A3956D46DE8}") = "01 ADO.Net Connected Architect", "01 ADO.Net Connected Architect", "{02000FDE-EC9D-4173-8DEC-C75C6F68DACA}"
	ProjectSection(SolutionItems) = preProject
		KisiEnvanteriDDL.sql = KisiEnvanteriDDL.sql
	EndProjectSection
EndProject
Project("{FAE04EC0-301F-11D3-BF4B-00C04F79EFBC}") = "SiparisYönetimi", "SiparisYönetimi\SiparisYönetimi.csproj", "{269DF8BD-8BC8-4431-9EB9-81A8C17A0804}"
EndProject
Project("{FAE04EC0-301F-11D3-BF4B-00C04F79EFBC}") = "CalisanKargoDataGrid", "CalisanKargoDataGrid\CalisanKargoDataGrid.csproj", "{3BB2555A-E2E3-4782-8418-0F6E3C867BFA}"
EndProject
Project("{2150E333-8FDC-42A3-9474-1A3956D46DE8}") = "02 ADO.Net Disconnected Architect", "02 ADO.Net Disconnected Architect", "{5FA41316-7D12-4A0F-BD00-ECFD71F4D986}"
	ProjectSection(SolutionItems) = preProject
		KuzeyYeli.sql = KuzeyYeli.sql
	EndProjectSection
EndProject
Project("{FAE04EC0-301F-11D3-BF4B-00C04F79EFBC}") = "KuzeyYeliOtomasyonu", "KuzeyYeliOtomasyonu\KuzeyYeliOtomasyonu.csproj", "{F3B61204-CC59-4C9A-9937-1C1B1F340776}"
EndProject
Project("{2150E333-8FDC-42A3-9474-1A3956D46DE8}") = "03 EntityFramework DB First", "03 EntityFramework DB First", "{0E9E7BBC-6F9C-4342-8D7D-12E253218BE4}"
EndProject
Project("{FAE04EC0-301F-11D3-BF4B-00C04F79EFBC}") = "NorthDBFirst", "NorthDBFirst\NorthDBFirst.csproj", "{84D905F1-CD75-44F7-A1B1-46237F78D20F}"
EndProject
Project("{FAE04EC0-301F-11D3-BF4B-00C04F79EFBC}") = "KuzeyYonetim", "KuzeyYonetim\KuzeyYonetim.csproj", "{606544A3-4393-4DA6-A7D2-E1B686696283}"
EndProject
Project("{2150E333-8FDC-42A3-9474-1A3956D46DE8}") = "04 EntityFrameWork Model First", "04 EntityFrameWork Model First", "{611774A5-704A-4B7A-AF63-B288EC97AAB9}"
EndProject
Project("{FAE04EC0-301F-11D3-BF4B-00C04F79EFBC}") = "KuzeyModelIF", "KuzeyModelIF\KuzeyModelIF.csproj", "{88E30FEC-4D15-45AC-B4CA-D7E3F4A9214B}"
EndProject
Project("{2150E333-8FDC-42A3-9474-1A3956D46DE8}") = "05 EntityFrameWork CodeFirst", "05 EntityFrameWork CodeFirst", "{A94E8072-E3E6-4DE9-BA0F-1CBB19736E45}"
EndProject
Project("{FAE04EC0-301F-11D3-BF4B-00C04F79EFBC}") = "Arabalarim", "Arabalarim\Arabalarim.csproj", "{8FDA930A-C587-41A1-866B-964FE0F4506C}"
EndProject
Project("{2150E333-8FDC-42A3-9474-1A3956D46DE8}") = "06 N-Tier Project Architect", "06 N-Tier Project Architect", "{A3DBA7F7-3B29-406D-98DD-8F76C14056CC}"
EndProject
Project("{2150E333-8FDC-42A3-9474-1A3956D46DE8}") = "01 DB-First N-Tier Deneme", "01 DB-First N-Tier Deneme", "{FFE41B76-4B6C-4E32-B894-0D96B6E3F346}"
EndProject
Project("{FAE04EC0-301F-11D3-BF4B-00C04F79EFBC}") = "North.DAL", "North.DAL\North.DAL.csproj", "{8E1143DA-75E0-4A6D-93C4-1C919669F8FF}"
EndProject
Project("{FAE04EC0-301F-11D3-BF4B-00C04F79EFBC}") = "North.BLL", "North.BLL\North.BLL.csproj", "{59C4FE73-AF01-464A-835B-F441B0CC5D0A}"
EndProject
Project("{FAE04EC0-301F-11D3-BF4B-00C04F79EFBC}") = "North.UI.WFA", "NORTH.UI.WFA\North.UI.WFA.csproj", "{E2328653-3D8F-409A-82F3-2EA133CE8532}"
EndProject
Project("{FAE04EC0-301F-11D3-BF4B-00C04F79EFBC}") = "NorthModel", "NorthModel\NorthModel.csproj", "{09B73769-4D5F-49DB-9CC5-AFD56211B7F1}"
EndProject
Project("{2150E333-8FDC-42A3-9474-1A3956D46DE8}") = "02 CF N-Tier Architect", "02 CF N-Tier Architect", "{C19A19B0-5A39-4ECB-BB02-480AB59F535B}"
EndProject
Project("{FAE04EC0-301F-11D3-BF4B-00C04F79EFBC}") = "Kuzey.DAL", "Kuzey.DAL\Kuzey.DAL.csproj", "{A770CA08-4506-4A3E-B413-1A18B46E536D}"
EndProject
Project("{FAE04EC0-301F-11D3-BF4B-00C04F79EFBC}") = "Kuzey.BLL", "Kuzey.BLL\Kuzey.BLL.csproj", "{62952F83-E6E2-405C-8687-418457528479}"
EndProject
Project("{FAE04EC0-301F-11D3-BF4B-00C04F79EFBC}") = "Kuzey.UI.WFA", "Kuzey.UI.WFA\Kuzey.UI.WFA.csproj", "{00696DD7-2433-4D61-B060-A9DB78917397}"
EndProject
Project("{FAE04EC0-301F-11D3-BF4B-00C04F79EFBC}") = "Kuzey.Model", "Kuzey.Model\Kuzey.Model.csproj", "{00F67985-3429-4340-B105-42171A928D07}"
EndProject
Project("{FAE04EC0-301F-11D3-BF4B-00C04F79EFBC}") = "Kuzey.UI.Console", "Kuzey.UI.Console\Kuzey.UI.Console.csproj", "{FFCE9D9E-1BDF-4096-B87C-F7944A959D24}"
EndProject
Project("{2150E333-8FDC-42A3-9474-1A3956D46DE8}") = "07 EF CF Reverse Engineering", "07 EF CF Reverse Engineering", "{7194CFF4-8BAA-439B-A9EF-946CB049446C}"
EndProject
Project("{FAE04EC0-301F-11D3-BF4B-00C04F79EFBC}") = "Reverse.DAL", "Reverse.DAL\Reverse.DAL.csproj", "{2E603231-6B01-4CD8-B0DA-DB62DA41342F}"
EndProject
Project("{FAE04EC0-301F-11D3-BF4B-00C04F79EFBC}") = "Reverse.Model", "Reverse.Model\Reverse.Model.csproj", "{3E1E7F0D-AD13-4162-9444-6951766502BD}"
EndProject
Project("{FAE04EC0-301F-11D3-BF4B-00C04F79EFBC}") = "Reverse.BLL", "Reverse.BLL\Reverse.BLL.csproj", "{974588A8-7C8D-43C2-9319-A9E25CA32DD5}"
EndProject
Project("{FAE04EC0-301F-11D3-BF4B-00C04F79EFBC}") = "Reverse.UI.WFA", "Reverse.UI.WFA\Reverse.UI.WFA.csproj", "{CBE967D2-6FEF-41A0-A1E3-988E41B61CFA}"
EndProject
Global
	GlobalSection(SolutionConfigurationPlatforms) = preSolution
		Debug|Any CPU = Debug|Any CPU
		Release|Any CPU = Release|Any CPU
	EndGlobalSection
	GlobalSection(ProjectConfigurationPlatforms) = postSolution
		{C4DDEBAC-6359-4087-8169-0BA51E7A34BA}.Debug|Any CPU.ActiveCfg = Debug|Any CPU
		{C4DDEBAC-6359-4087-8169-0BA51E7A34BA}.Debug|Any CPU.Build.0 = Debug|Any CPU
		{C4DDEBAC-6359-4087-8169-0BA51E7A34BA}.Release|Any CPU.ActiveCfg = Release|Any CPU
		{C4DDEBAC-6359-4087-8169-0BA51E7A34BA}.Release|Any CPU.Build.0 = Release|Any CPU
		{269DF8BD-8BC8-4431-9EB9-81A8C17A0804}.Debug|Any CPU.ActiveCfg = Debug|Any CPU
		{269DF8BD-8BC8-4431-9EB9-81A8C17A0804}.Debug|Any CPU.Build.0 = Debug|Any CPU
		{269DF8BD-8BC8-4431-9EB9-81A8C17A0804}.Release|Any CPU.ActiveCfg = Release|Any CPU
		{269DF8BD-8BC8-4431-9EB9-81A8C17A0804}.Release|Any CPU.Build.0 = Release|Any CPU
		{3BB2555A-E2E3-4782-8418-0F6E3C867BFA}.Debug|Any CPU.ActiveCfg = Debug|Any CPU
		{3BB2555A-E2E3-4782-8418-0F6E3C867BFA}.Debug|Any CPU.Build.0 = Debug|Any CPU
		{3BB2555A-E2E3-4782-8418-0F6E3C867BFA}.Release|Any CPU.ActiveCfg = Release|Any CPU
		{3BB2555A-E2E3-4782-8418-0F6E3C867BFA}.Release|Any CPU.Build.0 = Release|Any CPU
		{F3B61204-CC59-4C9A-9937-1C1B1F340776}.Debug|Any CPU.ActiveCfg = Debug|Any CPU
		{F3B61204-CC59-4C9A-9937-1C1B1F340776}.Debug|Any CPU.Build.0 = Debug|Any CPU
		{F3B61204-CC59-4C9A-9937-1C1B1F340776}.Release|Any CPU.ActiveCfg = Release|Any CPU
		{F3B61204-CC59-4C9A-9937-1C1B1F340776}.Release|Any CPU.Build.0 = Release|Any CPU
		{84D905F1-CD75-44F7-A1B1-46237F78D20F}.Debug|Any CPU.ActiveCfg = Debug|Any CPU
		{84D905F1-CD75-44F7-A1B1-46237F78D20F}.Debug|Any CPU.Build.0 = Debug|Any CPU
		{84D905F1-CD75-44F7-A1B1-46237F78D20F}.Release|Any CPU.ActiveCfg = Release|Any CPU
		{84D905F1-CD75-44F7-A1B1-46237F78D20F}.Release|Any CPU.Build.0 = Release|Any CPU
		{606544A3-4393-4DA6-A7D2-E1B686696283}.Debug|Any CPU.ActiveCfg = Debug|Any CPU
		{606544A3-4393-4DA6-A7D2-E1B686696283}.Debug|Any CPU.Build.0 = Debug|Any CPU
		{606544A3-4393-4DA6-A7D2-E1B686696283}.Release|Any CPU.ActiveCfg = Release|Any CPU
		{606544A3-4393-4DA6-A7D2-E1B686696283}.Release|Any CPU.Build.0 = Release|Any CPU
		{88E30FEC-4D15-45AC-B4CA-D7E3F4A9214B}.Debug|Any CPU.ActiveCfg = Debug|Any CPU
		{88E30FEC-4D15-45AC-B4CA-D7E3F4A9214B}.Debug|Any CPU.Build.0 = Debug|Any CPU
		{88E30FEC-4D15-45AC-B4CA-D7E3F4A9214B}.Release|Any CPU.ActiveCfg = Release|Any CPU
		{88E30FEC-4D15-45AC-B4CA-D7E3F4A9214B}.Release|Any CPU.Build.0 = Release|Any CPU
		{8FDA930A-C587-41A1-866B-964FE0F4506C}.Debug|Any CPU.ActiveCfg = Debug|Any CPU
		{8FDA930A-C587-41A1-866B-964FE0F4506C}.Debug|Any CPU.Build.0 = Debug|Any CPU
		{8FDA930A-C587-41A1-866B-964FE0F4506C}.Release|Any CPU.ActiveCfg = Release|Any CPU
		{8FDA930A-C587-41A1-866B-964FE0F4506C}.Release|Any CPU.Build.0 = Release|Any CPU
		{8E1143DA-75E0-4A6D-93C4-1C919669F8FF}.Debug|Any CPU.ActiveCfg = Debug|Any CPU
		{8E1143DA-75E0-4A6D-93C4-1C919669F8FF}.Debug|Any CPU.Build.0 = Debug|Any CPU
		{8E1143DA-75E0-4A6D-93C4-1C919669F8FF}.Release|Any CPU.ActiveCfg = Release|Any CPU
		{8E1143DA-75E0-4A6D-93C4-1C919669F8FF}.Release|Any CPU.Build.0 = Release|Any CPU
		{59C4FE73-AF01-464A-835B-F441B0CC5D0A}.Debug|Any CPU.ActiveCfg = Debug|Any CPU
		{59C4FE73-AF01-464A-835B-F441B0CC5D0A}.Debug|Any CPU.Build.0 = Debug|Any CPU
		{59C4FE73-AF01-464A-835B-F441B0CC5D0A}.Release|Any CPU.ActiveCfg = Release|Any CPU
		{59C4FE73-AF01-464A-835B-F441B0CC5D0A}.Release|Any CPU.Build.0 = Release|Any CPU
		{E2328653-3D8F-409A-82F3-2EA133CE8532}.Debug|Any CPU.ActiveCfg = Debug|Any CPU
		{E2328653-3D8F-409A-82F3-2EA133CE8532}.Debug|Any CPU.Build.0 = Debug|Any CPU
		{E2328653-3D8F-409A-82F3-2EA133CE8532}.Release|Any CPU.ActiveCfg = Release|Any CPU
		{E2328653-3D8F-409A-82F3-2EA133CE8532}.Release|Any CPU.Build.0 = Release|Any CPU
		{09B73769-4D5F-49DB-9CC5-AFD56211B7F1}.Debug|Any CPU.ActiveCfg = Debug|Any CPU
		{09B73769-4D5F-49DB-9CC5-AFD56211B7F1}.Debug|Any CPU.Build.0 = Debug|Any CPU
		{09B73769-4D5F-49DB-9CC5-AFD56211B7F1}.Release|Any CPU.ActiveCfg = Release|Any CPU
		{09B73769-4D5F-49DB-9CC5-AFD56211B7F1}.Release|Any CPU.Build.0 = Release|Any CPU
		{A770CA08-4506-4A3E-B413-1A18B46E536D}.Debug|Any CPU.ActiveCfg = Debug|Any CPU
		{A770CA08-4506-4A3E-B413-1A18B46E536D}.Debug|Any CPU.Build.0 = Debug|Any CPU
		{A770CA08-4506-4A3E-B413-1A18B46E536D}.Release|Any CPU.ActiveCfg = Release|Any CPU
		{A770CA08-4506-4A3E-B413-1A18B46E536D}.Release|Any CPU.Build.0 = Release|Any CPU
		{62952F83-E6E2-405C-8687-418457528479}.Debug|Any CPU.ActiveCfg = Debug|Any CPU
		{62952F83-E6E2-405C-8687-418457528479}.Debug|Any CPU.Build.0 = Debug|Any CPU
		{62952F83-E6E2-405C-8687-418457528479}.Release|Any CPU.ActiveCfg = Release|Any CPU
		{62952F83-E6E2-405C-8687-418457528479}.Release|Any CPU.Build.0 = Release|Any CPU
		{00696DD7-2433-4D61-B060-A9DB78917397}.Debug|Any CPU.ActiveCfg = Debug|Any CPU
		{00696DD7-2433-4D61-B060-A9DB78917397}.Debug|Any CPU.Build.0 = Debug|Any CPU
		{00696DD7-2433-4D61-B060-A9DB78917397}.Release|Any CPU.ActiveCfg = Release|Any CPU
		{00696DD7-2433-4D61-B060-A9DB78917397}.Release|Any CPU.Build.0 = Release|Any CPU
		{00F67985-3429-4340-B105-42171A928D07}.Debug|Any CPU.ActiveCfg = Debug|Any CPU
		{00F67985-3429-4340-B105-42171A928D07}.Debug|Any CPU.Build.0 = Debug|Any CPU
		{00F67985-3429-4340-B105-42171A928D07}.Release|Any CPU.ActiveCfg = Release|Any CPU
		{00F67985-3429-4340-B105-42171A928D07}.Release|Any CPU.Build.0 = Release|Any CPU
		{FFCE9D9E-1BDF-4096-B87C-F7944A959D24}.Debug|Any CPU.ActiveCfg = Debug|Any CPU
		{FFCE9D9E-1BDF-4096-B87C-F7944A959D24}.Debug|Any CPU.Build.0 = Debug|Any CPU
		{FFCE9D9E-1BDF-4096-B87C-F7944A959D24}.Release|Any CPU.ActiveCfg = Release|Any CPU
		{FFCE9D9E-1BDF-4096-B87C-F7944A959D24}.Release|Any CPU.Build.0 = Release|Any CPU
		{2E603231-6B01-4CD8-B0DA-DB62DA41342F}.Debug|Any CPU.ActiveCfg = Debug|Any CPU
		{2E603231-6B01-4CD8-B0DA-DB62DA41342F}.Debug|Any CPU.Build.0 = Debug|Any CPU
		{2E603231-6B01-4CD8-B0DA-DB62DA41342F}.Release|Any CPU.ActiveCfg = Release|Any CPU
		{2E603231-6B01-4CD8-B0DA-DB62DA41342F}.Release|Any CPU.Build.0 = Release|Any CPU
		{3E1E7F0D-AD13-4162-9444-6951766502BD}.Debug|Any CPU.ActiveCfg = Debug|Any CPU
		{3E1E7F0D-AD13-4162-9444-6951766502BD}.Debug|Any CPU.Build.0 = Debug|Any CPU
		{3E1E7F0D-AD13-4162-9444-6951766502BD}.Release|Any CPU.ActiveCfg = Release|Any CPU
		{3E1E7F0D-AD13-4162-9444-6951766502BD}.Release|Any CPU.Build.0 = Release|Any CPU
		{974588A8-7C8D-43C2-9319-A9E25CA32DD5}.Debug|Any CPU.ActiveCfg = Debug|Any CPU
		{974588A8-7C8D-43C2-9319-A9E25CA32DD5}.Debug|Any CPU.Build.0 = Debug|Any CPU
		{974588A8-7C8D-43C2-9319-A9E25CA32DD5}.Release|Any CPU.ActiveCfg = Release|Any CPU
		{974588A8-7C8D-43C2-9319-A9E25CA32DD5}.Release|Any CPU.Build.0 = Release|Any CPU
		{CBE967D2-6FEF-41A0-A1E3-988E41B61CFA}.Debug|Any CPU.ActiveCfg = Debug|Any CPU
		{CBE967D2-6FEF-41A0-A1E3-988E41B61CFA}.Debug|Any CPU.Build.0 = Debug|Any CPU
		{CBE967D2-6FEF-41A0-A1E3-988E41B61CFA}.Release|Any CPU.ActiveCfg = Release|Any CPU
		{CBE967D2-6FEF-41A0-A1E3-988E41B61CFA}.Release|Any CPU.Build.0 = Release|Any CPU
	EndGlobalSection
	GlobalSection(SolutionProperties) = preSolution
		HideSolutionNode = FALSE
	EndGlobalSection
	GlobalSection(NestedProjects) = preSolution
		{C4DDEBAC-6359-4087-8169-0BA51E7A34BA} = {02000FDE-EC9D-4173-8DEC-C75C6F68DACA}
		{269DF8BD-8BC8-4431-9EB9-81A8C17A0804} = {02000FDE-EC9D-4173-8DEC-C75C6F68DACA}
		{3BB2555A-E2E3-4782-8418-0F6E3C867BFA} = {5FA41316-7D12-4A0F-BD00-ECFD71F4D986}
		{F3B61204-CC59-4C9A-9937-1C1B1F340776} = {5FA41316-7D12-4A0F-BD00-ECFD71F4D986}
		{84D905F1-CD75-44F7-A1B1-46237F78D20F} = {0E9E7BBC-6F9C-4342-8D7D-12E253218BE4}
		{606544A3-4393-4DA6-A7D2-E1B686696283} = {0E9E7BBC-6F9C-4342-8D7D-12E253218BE4}
		{88E30FEC-4D15-45AC-B4CA-D7E3F4A9214B} = {611774A5-704A-4B7A-AF63-B288EC97AAB9}
		{8FDA930A-C587-41A1-866B-964FE0F4506C} = {A94E8072-E3E6-4DE9-BA0F-1CBB19736E45}
		{FFE41B76-4B6C-4E32-B894-0D96B6E3F346} = {A3DBA7F7-3B29-406D-98DD-8F76C14056CC}
		{8E1143DA-75E0-4A6D-93C4-1C919669F8FF} = {FFE41B76-4B6C-4E32-B894-0D96B6E3F346}
		{59C4FE73-AF01-464A-835B-F441B0CC5D0A} = {FFE41B76-4B6C-4E32-B894-0D96B6E3F346}
		{E2328653-3D8F-409A-82F3-2EA133CE8532} = {FFE41B76-4B6C-4E32-B894-0D96B6E3F346}
		{09B73769-4D5F-49DB-9CC5-AFD56211B7F1} = {FFE41B76-4B6C-4E32-B894-0D96B6E3F346}
		{C19A19B0-5A39-4ECB-BB02-480AB59F535B} = {A3DBA7F7-3B29-406D-98DD-8F76C14056CC}
		{A770CA08-4506-4A3E-B413-1A18B46E536D} = {C19A19B0-5A39-4ECB-BB02-480AB59F535B}
		{62952F83-E6E2-405C-8687-418457528479} = {C19A19B0-5A39-4ECB-BB02-480AB59F535B}
		{00696DD7-2433-4D61-B060-A9DB78917397} = {C19A19B0-5A39-4ECB-BB02-480AB59F535B}
		{00F67985-3429-4340-B105-42171A928D07} = {C19A19B0-5A39-4ECB-BB02-480AB59F535B}
		{FFCE9D9E-1BDF-4096-B87C-F7944A959D24} = {C19A19B0-5A39-4ECB-BB02-480AB59F535B}
		{2E603231-6B01-4CD8-B0DA-DB62DA41342F} = {7194CFF4-8BAA-439B-A9EF-946CB049446C}
		{3E1E7F0D-AD13-4162-9444-6951766502BD} = {7194CFF4-8BAA-439B-A9EF-946CB049446C}
		{974588A8-7C8D-43C2-9319-A9E25CA32DD5} = {7194CFF4-8BAA-439B-A9EF-946CB049446C}
		{CBE967D2-6FEF-41A0-A1E3-988E41B61CFA} = {7194CFF4-8BAA-439B-A9EF-946CB049446C}
	EndGlobalSection
EndGlobal
